
Microsoft Visual Studio Solution File, Format Version 12.00
# Visual Studio Version 17
VisualStudioVersion = 17.4.33213.308
MinimumVisualStudioVersion = 10.0.40219.1
Project("{FAE04EC0-301F-11D3-BF4B-00C04F79EFBC}") = "NotDefteriApi", "NotDefteriApi\NotDefteriApi.csproj", "{EB1D2DD2-2C15-4DA0-8D18-DFA42E47C2E5}"
EndProject
Global
	GlobalSection(SolutionConfigurationPlatforms) = preSolution
		Debug|Any CPU = Debug|Any CPU
		Release|Any CPU = Release|Any CPU
	EndGlobalSection
	GlobalSection(ProjectConfigurationPlatforms) = postSolution
		{EB1D2DD2-2C15-4DA0-8D18-DFA42E47C2E5}.Debug|Any CPU.ActiveCfg = Debug|Any CPU
		{EB1D2DD2-2C15-4DA0-8D18-DFA42E47C2E5}.Debug|Any CPU.Build.0 = Debug|Any CPU
		{EB1D2DD2-2C15-4DA0-8D18-DFA42E47C2E5}.Release|Any CPU.ActiveCfg = Release|Any CPU
		{EB1D2DD2-2C15-4DA0-8D18-DFA42E47C2E5}.Release|Any CPU.Build.0 = Release|Any CPU
	EndGlobalSection
	GlobalSection(SolutionProperties) = preSolution
		HideSolutionNode = FALSE
	EndGlobalSection
	GlobalSection(ExtensibilityGlobals) = postSolution
		SolutionGuid = {2C3CE5F7-040D-41D0-942D-EE98F266073A}
	EndGlobalSection
EndGlobal
